{
  "name": "atom-pomodoro-edit",
  "version": "0.1.3",
  "lockfileVersion": 1,
  "requires": true,
  "dependencies": {
    "moment": {
      "version": "2.24.0",
      "resolved": "https://registry.npmjs.org/moment/-/moment-2.24.0.tgz",
      "integrity": "sha512-bV7f+6l2QigeBBZSM/6yTNq4P2fNpSWj/0e7jQcy87A8e7o2nAfP/34/2ky5Vw4B9S446EtIhodAzkFCcR4dQg=="
    },
    "moment-duration-format": {
      "version": "2.3.2",
      "resolved": "https://registry.npmjs.org/moment-duration-format/-/moment-duration-format-2.3.2.tgz",
      "integrity": "sha512-cBMXjSW+fjOb4tyaVHuaVE/A5TqkukDWiOfxxAjY+PEqmmBQlLwn+8OzwPiG3brouXKY5Un4pBjAeB6UToXHaQ=="
    },
    "pomodoro-edit-core": {
      "version": "0.1.0",
      "resolved": "https://registry.npmjs.org/pomodoro-edit-core/-/pomodoro-edit-core-0.1.0.tgz",
      "integrity": "sha512-jf7O4U+IdmgM7c4fF3N5WjzDWylrbb+bH9YOznJwXSFy3+5AhxFmMfvZZicU5cusf5JFrqUpB2pKVKbuKjLDPw=="
    }
  }
}
